
Microsoft Visual Studio Solution File, Format Version 12.00
# Visual Studio Version 17
VisualStudioVersion = 17.1.32319.34
MinimumVisualStudioVersion = 10.0.40219.1
Project("{FAE04EC0-301F-11D3-BF4B-00C04F79EFBC}") = "PalindromeLargest", "ConsoleApp1\PalindromeLargest.csproj", "{3F291D3B-3DFA-4326-9817-B98D9E1EE7C5}"
EndProject
Global
	GlobalSection(SolutionConfigurationPlatforms) = preSolution
		Debug|Any CPU = Debug|Any CPU
		Release|Any CPU = Release|Any CPU
	EndGlobalSection
	GlobalSection(ProjectConfigurationPlatforms) = postSolution
		{3F291D3B-3DFA-4326-9817-B98D9E1EE7C5}.Debug|Any CPU.ActiveCfg = Debug|Any CPU
		{3F291D3B-3DFA-4326-9817-B98D9E1EE7C5}.Debug|Any CPU.Build.0 = Debug|Any CPU
		{3F291D3B-3DFA-4326-9817-B98D9E1EE7C5}.Release|Any CPU.ActiveCfg = Release|Any CPU
		{3F291D3B-3DFA-4326-9817-B98D9E1EE7C5}.Release|Any CPU.Build.0 = Release|Any CPU
	EndGlobalSection
	GlobalSection(SolutionProperties) = preSolution
		HideSolutionNode = FALSE
	EndGlobalSection
	GlobalSection(ExtensibilityGlobals) = postSolution
		SolutionGuid = {B516C84B-9CAB-4573-8DA6-488FCC4256E5}
	EndGlobalSection
EndGlobal
